
Microsoft Visual Studio Solution File, Format Version 12.00
# Visual Studio 2012
Project("{D954291E-2A0B-460D-934E-DC6B0785DB48}") = "Somthin", "Somthin\Somthin.shproj", "{9AE51FDB-38E2-4DFB-844E-68A9C3EAC70A}"
EndProject
Project("{FAE04EC0-301F-11D3-BF4B-00C04F79EFBC}") = "Somthin.iOS", "iOS\Somthin.iOS.csproj", "{0FD24C06-CDB3-433A-8975-163752798AF0}"
EndProject
Project("{FAE04EC0-301F-11D3-BF4B-00C04F79EFBC}") = "Somthin.Droid", "Droid\Somthin.Droid.csproj", "{77D510FE-AC9E-4506-AD46-D9500AB3E41C}"
EndProject
Global
	GlobalSection(SolutionConfigurationPlatforms) = preSolution
		Debug|iPhoneSimulator = Debug|iPhoneSimulator
		Release|iPhone = Release|iPhone
		Release|iPhoneSimulator = Release|iPhoneSimulator
		Debug|iPhone = Debug|iPhone
		Debug|Any CPU = Debug|Any CPU
		Release|Any CPU = Release|Any CPU
	EndGlobalSection
	GlobalSection(ProjectConfigurationPlatforms) = postSolution
		{0FD24C06-CDB3-433A-8975-163752798AF0}.Debug|iPhoneSimulator.ActiveCfg = Debug|iPhoneSimulator
		{0FD24C06-CDB3-433A-8975-163752798AF0}.Debug|iPhoneSimulator.Build.0 = Debug|iPhoneSimulator
		{0FD24C06-CDB3-433A-8975-163752798AF0}.Release|iPhone.ActiveCfg = Release|iPhone
		{0FD24C06-CDB3-433A-8975-163752798AF0}.Release|iPhone.Build.0 = Release|iPhone
		{0FD24C06-CDB3-433A-8975-163752798AF0}.Release|iPhoneSimulator.ActiveCfg = Release|iPhoneSimulator
		{0FD24C06-CDB3-433A-8975-163752798AF0}.Release|iPhoneSimulator.Build.0 = Release|iPhoneSimulator
		{0FD24C06-CDB3-433A-8975-163752798AF0}.Debug|iPhone.ActiveCfg = Debug|iPhone
		{0FD24C06-CDB3-433A-8975-163752798AF0}.Debug|iPhone.Build.0 = Debug|iPhone
		{0FD24C06-CDB3-433A-8975-163752798AF0}.Debug|Any CPU.ActiveCfg = Debug|iPhoneSimulator
		{0FD24C06-CDB3-433A-8975-163752798AF0}.Debug|Any CPU.Build.0 = Debug|iPhoneSimulator
		{0FD24C06-CDB3-433A-8975-163752798AF0}.Release|Any CPU.ActiveCfg = Release|iPhone
		{0FD24C06-CDB3-433A-8975-163752798AF0}.Release|Any CPU.Build.0 = Release|iPhone
		{77D510FE-AC9E-4506-AD46-D9500AB3E41C}.Debug|iPhoneSimulator.ActiveCfg = Debug|Any CPU
		{77D510FE-AC9E-4506-AD46-D9500AB3E41C}.Debug|iPhoneSimulator.Build.0 = Debug|Any CPU
		{77D510FE-AC9E-4506-AD46-D9500AB3E41C}.Release|iPhone.ActiveCfg = Release|Any CPU
		{77D510FE-AC9E-4506-AD46-D9500AB3E41C}.Release|iPhone.Build.0 = Release|Any CPU
		{77D510FE-AC9E-4506-AD46-D9500AB3E41C}.Release|iPhoneSimulator.ActiveCfg = Release|Any CPU
		{77D510FE-AC9E-4506-AD46-D9500AB3E41C}.Release|iPhoneSimulator.Build.0 = Release|Any CPU
		{77D510FE-AC9E-4506-AD46-D9500AB3E41C}.Debug|iPhone.ActiveCfg = Debug|Any CPU
		{77D510FE-AC9E-4506-AD46-D9500AB3E41C}.Debug|iPhone.Build.0 = Debug|Any CPU
		{77D510FE-AC9E-4506-AD46-D9500AB3E41C}.Debug|Any CPU.ActiveCfg = Debug|Any CPU
		{77D510FE-AC9E-4506-AD46-D9500AB3E41C}.Debug|Any CPU.Build.0 = Debug|Any CPU
		{77D510FE-AC9E-4506-AD46-D9500AB3E41C}.Release|Any CPU.ActiveCfg = Release|Any CPU
		{77D510FE-AC9E-4506-AD46-D9500AB3E41C}.Release|Any CPU.Build.0 = Release|Any CPU
	EndGlobalSection
EndGlobal
